
Microsoft Visual Studio Solution File, Format Version 12.00
# Visual Studio Version 17
VisualStudioVersion = 17.0.31903.59
MinimumVisualStudioVersion = 10.0.40219.1
Project("{2150E333-8FDC-42A3-9474-1A3956D46DE8}") = "Solution Items", "Solution Items", "{97285279-8D2B-4925-8E17-AB970C381584}"
	ProjectSection(SolutionItems) = preProject
		.editorconfig = .editorconfig
		tests\.editorconfig = tests\.editorconfig
		Directory.Build.props = Directory.Build.props
		src\Directory.Build.props = src\Directory.Build.props
		Directory.Packages.props = Directory.Packages.props
		tests\Directory.Build.props = tests\Directory.Build.props
	EndProjectSection
EndProject
Project("{2150E333-8FDC-42A3-9474-1A3956D46DE8}") = "src", "src", "{443AA806-C776-4C96-8038-CAB558A1DDAB}"
EndProject
Project("{FAE04EC0-301F-11D3-BF4B-00C04F79EFBC}") = "Core", "src\Core\Core.csproj", "{FE553203-33F4-44DF-A591-89929932FBB4}"
EndProject
Project("{FAE04EC0-301F-11D3-BF4B-00C04F79EFBC}") = "Services", "src\Services\Services.csproj", "{779C5A87-2A47-4385-B5C5-5C3C8510EE06}"
EndProject
Project("{2150E333-8FDC-42A3-9474-1A3956D46DE8}") = "tests", "tests", "{4528C0B8-5498-4D3B-8DA2-7542E590A09C}"
EndProject
Project("{2150E333-8FDC-42A3-9474-1A3956D46DE8}") = "unit", "unit", "{F043B647-4174-49F8-AB23-B31FE6E06843}"
EndProject
Project("{2150E333-8FDC-42A3-9474-1A3956D46DE8}") = "Services", "Services", "{D24B3238-4515-4A29-BA69-DBED1943E468}"
EndProject
Project("{FAE04EC0-301F-11D3-BF4B-00C04F79EFBC}") = "TypeParameterRepresentationWithOrdinalFactory", "tests\unit\Services\TypeParameterRepresentationWithOrdinalFactory\TypeParameterRepresentationWithOrdinalFactory.csproj", "{53AC0E36-F68C-4499-B508-79691B1F7464}"
EndProject
Project("{FAE04EC0-301F-11D3-BF4B-00C04F79EFBC}") = "TypeParameterRepresentationWithOrdinalAndNameFactory", "tests\unit\Services\TypeParameterRepresentationWithOrdinalAndNameFactory\TypeParameterRepresentationWithOrdinalAndNameFactory.csproj", "{71427897-09E9-4976-8683-8F8F27821A89}"
EndProject
Project("{FAE04EC0-301F-11D3-BF4B-00C04F79EFBC}") = "TypeParameterRepresentationWithNameFactory", "tests\unit\Services\TypeParameterRepresentationWithNameFactory\TypeParameterRepresentationWithNameFactory.csproj", "{E02939C4-391C-46EC-A9D6-84A00D2C9620}"
EndProject
Project("{FAE04EC0-301F-11D3-BF4B-00C04F79EFBC}") = "TypeParameterRepresentationFactory", "tests\unit\Services\TypeParameterRepresentationFactory\TypeParameterRepresentationFactory.csproj", "{899A5059-A5BF-4284-A125-53D8AFCF7395}"
EndProject
Project("{FAE04EC0-301F-11D3-BF4B-00C04F79EFBC}") = "Queries", "src\Queries\Queries.csproj", "{BCDBE2F4-A960-44BE-A5C9-3F3C80EA1C0E}"
EndProject
Global
	GlobalSection(SolutionConfigurationPlatforms) = preSolution
		Debug|Any CPU = Debug|Any CPU
		Release|Any CPU = Release|Any CPU
	EndGlobalSection
	GlobalSection(ProjectConfigurationPlatforms) = postSolution
		{FE553203-33F4-44DF-A591-89929932FBB4}.Debug|Any CPU.ActiveCfg = Debug|Any CPU
		{FE553203-33F4-44DF-A591-89929932FBB4}.Debug|Any CPU.Build.0 = Debug|Any CPU
		{FE553203-33F4-44DF-A591-89929932FBB4}.Release|Any CPU.ActiveCfg = Release|Any CPU
		{FE553203-33F4-44DF-A591-89929932FBB4}.Release|Any CPU.Build.0 = Release|Any CPU
		{779C5A87-2A47-4385-B5C5-5C3C8510EE06}.Debug|Any CPU.ActiveCfg = Debug|Any CPU
		{779C5A87-2A47-4385-B5C5-5C3C8510EE06}.Debug|Any CPU.Build.0 = Debug|Any CPU
		{779C5A87-2A47-4385-B5C5-5C3C8510EE06}.Release|Any CPU.ActiveCfg = Release|Any CPU
		{779C5A87-2A47-4385-B5C5-5C3C8510EE06}.Release|Any CPU.Build.0 = Release|Any CPU
		{53AC0E36-F68C-4499-B508-79691B1F7464}.Debug|Any CPU.ActiveCfg = Debug|Any CPU
		{53AC0E36-F68C-4499-B508-79691B1F7464}.Debug|Any CPU.Build.0 = Debug|Any CPU
		{53AC0E36-F68C-4499-B508-79691B1F7464}.Release|Any CPU.ActiveCfg = Release|Any CPU
		{53AC0E36-F68C-4499-B508-79691B1F7464}.Release|Any CPU.Build.0 = Release|Any CPU
		{71427897-09E9-4976-8683-8F8F27821A89}.Debug|Any CPU.ActiveCfg = Debug|Any CPU
		{71427897-09E9-4976-8683-8F8F27821A89}.Debug|Any CPU.Build.0 = Debug|Any CPU
		{71427897-09E9-4976-8683-8F8F27821A89}.Release|Any CPU.ActiveCfg = Release|Any CPU
		{71427897-09E9-4976-8683-8F8F27821A89}.Release|Any CPU.Build.0 = Release|Any CPU
		{E02939C4-391C-46EC-A9D6-84A00D2C9620}.Debug|Any CPU.ActiveCfg = Debug|Any CPU
		{E02939C4-391C-46EC-A9D6-84A00D2C9620}.Debug|Any CPU.Build.0 = Debug|Any CPU
		{E02939C4-391C-46EC-A9D6-84A00D2C9620}.Release|Any CPU.ActiveCfg = Release|Any CPU
		{E02939C4-391C-46EC-A9D6-84A00D2C9620}.Release|Any CPU.Build.0 = Release|Any CPU
		{899A5059-A5BF-4284-A125-53D8AFCF7395}.Debug|Any CPU.ActiveCfg = Debug|Any CPU
		{899A5059-A5BF-4284-A125-53D8AFCF7395}.Debug|Any CPU.Build.0 = Debug|Any CPU
		{899A5059-A5BF-4284-A125-53D8AFCF7395}.Release|Any CPU.ActiveCfg = Release|Any CPU
		{899A5059-A5BF-4284-A125-53D8AFCF7395}.Release|Any CPU.Build.0 = Release|Any CPU
		{BCDBE2F4-A960-44BE-A5C9-3F3C80EA1C0E}.Debug|Any CPU.ActiveCfg = Debug|Any CPU
		{BCDBE2F4-A960-44BE-A5C9-3F3C80EA1C0E}.Debug|Any CPU.Build.0 = Debug|Any CPU
		{BCDBE2F4-A960-44BE-A5C9-3F3C80EA1C0E}.Release|Any CPU.ActiveCfg = Release|Any CPU
		{BCDBE2F4-A960-44BE-A5C9-3F3C80EA1C0E}.Release|Any CPU.Build.0 = Release|Any CPU
	EndGlobalSection
	GlobalSection(SolutionProperties) = preSolution
		HideSolutionNode = FALSE
	EndGlobalSection
	GlobalSection(NestedProjects) = preSolution
		{FE553203-33F4-44DF-A591-89929932FBB4} = {443AA806-C776-4C96-8038-CAB558A1DDAB}
		{779C5A87-2A47-4385-B5C5-5C3C8510EE06} = {443AA806-C776-4C96-8038-CAB558A1DDAB}
		{F043B647-4174-49F8-AB23-B31FE6E06843} = {4528C0B8-5498-4D3B-8DA2-7542E590A09C}
		{D24B3238-4515-4A29-BA69-DBED1943E468} = {F043B647-4174-49F8-AB23-B31FE6E06843}
		{53AC0E36-F68C-4499-B508-79691B1F7464} = {D24B3238-4515-4A29-BA69-DBED1943E468}
		{71427897-09E9-4976-8683-8F8F27821A89} = {D24B3238-4515-4A29-BA69-DBED1943E468}
		{E02939C4-391C-46EC-A9D6-84A00D2C9620} = {D24B3238-4515-4A29-BA69-DBED1943E468}
		{899A5059-A5BF-4284-A125-53D8AFCF7395} = {D24B3238-4515-4A29-BA69-DBED1943E468}
		{BCDBE2F4-A960-44BE-A5C9-3F3C80EA1C0E} = {443AA806-C776-4C96-8038-CAB558A1DDAB}
	EndGlobalSection
	GlobalSection(ExtensibilityGlobals) = postSolution
		SolutionGuid = {B95B8988-CC19-4058-9981-FBEA9BD63A49}
	EndGlobalSection
EndGlobal
