
Microsoft Visual Studio Solution File, Format Version 12.00
# Visual Studio Version 17
VisualStudioVersion = 17.0.31903.59
MinimumVisualStudioVersion = 10.0.40219.1
Project("{2150E333-8FDC-42A3-9474-1A3956D46DE8}") = "Solution Items", "Solution Items", "{97285279-8D2B-4925-8E17-AB970C381584}"
	ProjectSection(SolutionItems) = preProject
		.editorconfig = .editorconfig
		tests\.editorconfig = tests\.editorconfig
		Directory.Build.props = Directory.Build.props
		src\Directory.Build.props = src\Directory.Build.props
		Directory.Packages.props = Directory.Packages.props
		tests\Directory.Build.props = tests\Directory.Build.props
	EndProjectSection
EndProject
Project("{2150E333-8FDC-42A3-9474-1A3956D46DE8}") = "src", "src", "{443AA806-C776-4C96-8038-CAB558A1DDAB}"
EndProject
Project("{FAE04EC0-301F-11D3-BF4B-00C04F79EFBC}") = "Core", "src\Core\Core.csproj", "{FE553203-33F4-44DF-A591-89929932FBB4}"
EndProject
Project("{FAE04EC0-301F-11D3-BF4B-00C04F79EFBC}") = "Abstractions", "src\Abstractions\Abstractions.csproj", "{DF02ED8D-6F8A-45DA-8A45-082F3400CB25}"
EndProject
Project("{FAE04EC0-301F-11D3-BF4B-00C04F79EFBC}") = "Implementation", "src\Implementation\Implementation.csproj", "{321E884C-8339-4376-8746-FA8FE3FA4506}"
EndProject
Project("{2150E333-8FDC-42A3-9474-1A3956D46DE8}") = "DependencyInjection", "DependencyInjection", "{F0012B23-D045-4F21-9FD6-E5017D801A7D}"
EndProject
Project("{FAE04EC0-301F-11D3-BF4B-00C04F79EFBC}") = "Net", "src\DependencyInjection\Net\Net.csproj", "{AFB031C0-A859-4B70-BE6E-1A48D4EF21CE}"
EndProject
Project("{2150E333-8FDC-42A3-9474-1A3956D46DE8}") = "tests", "tests", "{7068D03A-F327-49E8-A907-5E370019524F}"
EndProject
Project("{2150E333-8FDC-42A3-9474-1A3956D46DE8}") = "integration", "integration", "{FF443F92-CD72-4A27-A05C-641505E28436}"
EndProject
Project("{2150E333-8FDC-42A3-9474-1A3956D46DE8}") = "DependencyInjection", "DependencyInjection", "{3CA82BA6-802E-4D01-BEF9-FE96D7BCCC5C}"
EndProject
Project("{2150E333-8FDC-42A3-9474-1A3956D46DE8}") = "Net", "Net", "{397CEB3E-ADD1-49A3-BFFD-EDCBDE3306EC}"
EndProject
Project("{FAE04EC0-301F-11D3-BF4B-00C04F79EFBC}") = "IT_TypeParameterRepresentationServices", "tests\integration\DependencyInjection\Net\TypeParameterRepresentationServices\IT_TypeParameterRepresentationServices.csproj", "{D050BF24-87C7-4AAE-A79A-56286F75428E}"
EndProject
Project("{2150E333-8FDC-42A3-9474-1A3956D46DE8}") = "unit", "unit", "{AA13AC4C-FA28-49CB-81D3-256CB21E8C31}"
EndProject
Project("{FAE04EC0-301F-11D3-BF4B-00C04F79EFBC}") = "UT_IndexedAndNamedTypeParameterRepresentationEqualityComparerFactory", "tests\unit\IndexedAndNamedTypeParameterRepresentationEqualityComparerFactory\UT_IndexedAndNamedTypeParameterRepresentationEqualityComparerFactory.csproj", "{B18A5054-2A6E-4693-B622-87114C729345}"
EndProject
Project("{FAE04EC0-301F-11D3-BF4B-00C04F79EFBC}") = "UT_IndexedAndNamedTypeParameterRepresentationFactory", "tests\unit\IndexedAndNamedTypeParameterRepresentationFactory\UT_IndexedAndNamedTypeParameterRepresentationFactory.csproj", "{EF282E78-C242-4B3A-B29F-00765ACCF756}"
EndProject
Project("{FAE04EC0-301F-11D3-BF4B-00C04F79EFBC}") = "UT_IndexedTypeParameterRepresentationEqualityComparerFactory", "tests\unit\IndexedTypeParameterRepresentationEqualityComparerFactory\UT_IndexedTypeParameterRepresentationEqualityComparerFactory.csproj", "{3A5172C7-DCEC-4312-BB24-DB81EBEFD8A0}"
EndProject
Project("{FAE04EC0-301F-11D3-BF4B-00C04F79EFBC}") = "UT_IndexedTypeParameterRepresentationFactory", "tests\unit\IndexedTypeParameterRepresentationFactory\UT_IndexedTypeParameterRepresentationFactory.csproj", "{8D494577-DC7E-4FAA-9856-46D77CBDE766}"
EndProject
Project("{FAE04EC0-301F-11D3-BF4B-00C04F79EFBC}") = "UT_LoweringTypeParameterRepresentationFactory", "tests\unit\LoweringTypeParameterRepresentationFactory\UT_LoweringTypeParameterRepresentationFactory.csproj", "{3E4E630A-F02E-48D2-B1EF-CD8846A4B19D}"
EndProject
Project("{FAE04EC0-301F-11D3-BF4B-00C04F79EFBC}") = "UT_NamedTypeParameterRepresentationEqualityComparerFactory", "tests\unit\NamedTypeParameterRepresentationEqualityComparerFactory\UT_NamedTypeParameterRepresentationEqualityComparerFactory.csproj", "{56154714-CBA4-4364-BCBA-71F262BB028C}"
EndProject
Project("{FAE04EC0-301F-11D3-BF4B-00C04F79EFBC}") = "UT_NamedTypeParameterRepresentationFactory", "tests\unit\NamedTypeParameterRepresentationFactory\UT_NamedTypeParameterRepresentationFactory.csproj", "{BADF3310-A134-464E-B8F3-14C0C556902E}"
EndProject
Project("{2150E333-8FDC-42A3-9474-1A3956D46DE8}") = "DependencyInjection", "DependencyInjection", "{5678907E-CD59-422B-A312-B57D0715E38D}"
EndProject
Project("{2150E333-8FDC-42A3-9474-1A3956D46DE8}") = "Net", "Net", "{7C595CC4-DAAB-477E-AB16-6545496E7E35}"
EndProject
Project("{FAE04EC0-301F-11D3-BF4B-00C04F79EFBC}") = "UT_TypeParameterRepresentationServices", "tests\unit\DependencyInjection\Net\TypeParameterRepresentationServices\UT_TypeParameterRepresentationServices.csproj", "{07C41392-7C51-4626-AB3B-C90E65B1513E}"
EndProject
Project("{FAE04EC0-301F-11D3-BF4B-00C04F79EFBC}") = "UT_TypeParameterRepresentationEqualityComparerFactoryProvider", "tests\unit\TypeParameterRepresentationEqualityComparerFactoryProvider\UT_TypeParameterRepresentationEqualityComparerFactoryProvider.csproj", "{3A710CC8-B4D0-4CD6-BE8B-F50187F2D097}"
EndProject
Project("{FAE04EC0-301F-11D3-BF4B-00C04F79EFBC}") = "UT_TypeParameterRepresentationFactoryProvider", "tests\unit\TypeParameterRepresentationFactoryProvider\UT_TypeParameterRepresentationFactoryProvider.csproj", "{6745B84B-FC88-4AFD-9E97-13DB30819A15}"
EndProject
Global
	GlobalSection(SolutionConfigurationPlatforms) = preSolution
		Debug|Any CPU = Debug|Any CPU
		Release|Any CPU = Release|Any CPU
	EndGlobalSection
	GlobalSection(ProjectConfigurationPlatforms) = postSolution
		{FE553203-33F4-44DF-A591-89929932FBB4}.Debug|Any CPU.ActiveCfg = Debug|Any CPU
		{FE553203-33F4-44DF-A591-89929932FBB4}.Debug|Any CPU.Build.0 = Debug|Any CPU
		{FE553203-33F4-44DF-A591-89929932FBB4}.Release|Any CPU.ActiveCfg = Release|Any CPU
		{FE553203-33F4-44DF-A591-89929932FBB4}.Release|Any CPU.Build.0 = Release|Any CPU
		{DF02ED8D-6F8A-45DA-8A45-082F3400CB25}.Debug|Any CPU.ActiveCfg = Debug|Any CPU
		{DF02ED8D-6F8A-45DA-8A45-082F3400CB25}.Debug|Any CPU.Build.0 = Debug|Any CPU
		{DF02ED8D-6F8A-45DA-8A45-082F3400CB25}.Release|Any CPU.ActiveCfg = Release|Any CPU
		{DF02ED8D-6F8A-45DA-8A45-082F3400CB25}.Release|Any CPU.Build.0 = Release|Any CPU
		{321E884C-8339-4376-8746-FA8FE3FA4506}.Debug|Any CPU.ActiveCfg = Debug|Any CPU
		{321E884C-8339-4376-8746-FA8FE3FA4506}.Debug|Any CPU.Build.0 = Debug|Any CPU
		{321E884C-8339-4376-8746-FA8FE3FA4506}.Release|Any CPU.ActiveCfg = Release|Any CPU
		{321E884C-8339-4376-8746-FA8FE3FA4506}.Release|Any CPU.Build.0 = Release|Any CPU
		{AFB031C0-A859-4B70-BE6E-1A48D4EF21CE}.Debug|Any CPU.ActiveCfg = Debug|Any CPU
		{AFB031C0-A859-4B70-BE6E-1A48D4EF21CE}.Debug|Any CPU.Build.0 = Debug|Any CPU
		{AFB031C0-A859-4B70-BE6E-1A48D4EF21CE}.Release|Any CPU.ActiveCfg = Release|Any CPU
		{AFB031C0-A859-4B70-BE6E-1A48D4EF21CE}.Release|Any CPU.Build.0 = Release|Any CPU
		{D050BF24-87C7-4AAE-A79A-56286F75428E}.Debug|Any CPU.ActiveCfg = Debug|Any CPU
		{D050BF24-87C7-4AAE-A79A-56286F75428E}.Debug|Any CPU.Build.0 = Debug|Any CPU
		{D050BF24-87C7-4AAE-A79A-56286F75428E}.Release|Any CPU.ActiveCfg = Release|Any CPU
		{D050BF24-87C7-4AAE-A79A-56286F75428E}.Release|Any CPU.Build.0 = Release|Any CPU
		{B18A5054-2A6E-4693-B622-87114C729345}.Debug|Any CPU.ActiveCfg = Debug|Any CPU
		{B18A5054-2A6E-4693-B622-87114C729345}.Debug|Any CPU.Build.0 = Debug|Any CPU
		{B18A5054-2A6E-4693-B622-87114C729345}.Release|Any CPU.ActiveCfg = Release|Any CPU
		{B18A5054-2A6E-4693-B622-87114C729345}.Release|Any CPU.Build.0 = Release|Any CPU
		{EF282E78-C242-4B3A-B29F-00765ACCF756}.Debug|Any CPU.ActiveCfg = Debug|Any CPU
		{EF282E78-C242-4B3A-B29F-00765ACCF756}.Debug|Any CPU.Build.0 = Debug|Any CPU
		{EF282E78-C242-4B3A-B29F-00765ACCF756}.Release|Any CPU.ActiveCfg = Release|Any CPU
		{EF282E78-C242-4B3A-B29F-00765ACCF756}.Release|Any CPU.Build.0 = Release|Any CPU
		{3A5172C7-DCEC-4312-BB24-DB81EBEFD8A0}.Debug|Any CPU.ActiveCfg = Debug|Any CPU
		{3A5172C7-DCEC-4312-BB24-DB81EBEFD8A0}.Debug|Any CPU.Build.0 = Debug|Any CPU
		{3A5172C7-DCEC-4312-BB24-DB81EBEFD8A0}.Release|Any CPU.ActiveCfg = Release|Any CPU
		{3A5172C7-DCEC-4312-BB24-DB81EBEFD8A0}.Release|Any CPU.Build.0 = Release|Any CPU
		{8D494577-DC7E-4FAA-9856-46D77CBDE766}.Debug|Any CPU.ActiveCfg = Debug|Any CPU
		{8D494577-DC7E-4FAA-9856-46D77CBDE766}.Debug|Any CPU.Build.0 = Debug|Any CPU
		{8D494577-DC7E-4FAA-9856-46D77CBDE766}.Release|Any CPU.ActiveCfg = Release|Any CPU
		{8D494577-DC7E-4FAA-9856-46D77CBDE766}.Release|Any CPU.Build.0 = Release|Any CPU
		{3E4E630A-F02E-48D2-B1EF-CD8846A4B19D}.Debug|Any CPU.ActiveCfg = Debug|Any CPU
		{3E4E630A-F02E-48D2-B1EF-CD8846A4B19D}.Debug|Any CPU.Build.0 = Debug|Any CPU
		{3E4E630A-F02E-48D2-B1EF-CD8846A4B19D}.Release|Any CPU.ActiveCfg = Release|Any CPU
		{3E4E630A-F02E-48D2-B1EF-CD8846A4B19D}.Release|Any CPU.Build.0 = Release|Any CPU
		{56154714-CBA4-4364-BCBA-71F262BB028C}.Debug|Any CPU.ActiveCfg = Debug|Any CPU
		{56154714-CBA4-4364-BCBA-71F262BB028C}.Debug|Any CPU.Build.0 = Debug|Any CPU
		{56154714-CBA4-4364-BCBA-71F262BB028C}.Release|Any CPU.ActiveCfg = Release|Any CPU
		{56154714-CBA4-4364-BCBA-71F262BB028C}.Release|Any CPU.Build.0 = Release|Any CPU
		{BADF3310-A134-464E-B8F3-14C0C556902E}.Debug|Any CPU.ActiveCfg = Debug|Any CPU
		{BADF3310-A134-464E-B8F3-14C0C556902E}.Debug|Any CPU.Build.0 = Debug|Any CPU
		{BADF3310-A134-464E-B8F3-14C0C556902E}.Release|Any CPU.ActiveCfg = Release|Any CPU
		{BADF3310-A134-464E-B8F3-14C0C556902E}.Release|Any CPU.Build.0 = Release|Any CPU
		{07C41392-7C51-4626-AB3B-C90E65B1513E}.Debug|Any CPU.ActiveCfg = Debug|Any CPU
		{07C41392-7C51-4626-AB3B-C90E65B1513E}.Debug|Any CPU.Build.0 = Debug|Any CPU
		{07C41392-7C51-4626-AB3B-C90E65B1513E}.Release|Any CPU.ActiveCfg = Release|Any CPU
		{07C41392-7C51-4626-AB3B-C90E65B1513E}.Release|Any CPU.Build.0 = Release|Any CPU
		{3A710CC8-B4D0-4CD6-BE8B-F50187F2D097}.Debug|Any CPU.ActiveCfg = Debug|Any CPU
		{3A710CC8-B4D0-4CD6-BE8B-F50187F2D097}.Debug|Any CPU.Build.0 = Debug|Any CPU
		{3A710CC8-B4D0-4CD6-BE8B-F50187F2D097}.Release|Any CPU.ActiveCfg = Release|Any CPU
		{3A710CC8-B4D0-4CD6-BE8B-F50187F2D097}.Release|Any CPU.Build.0 = Release|Any CPU
		{6745B84B-FC88-4AFD-9E97-13DB30819A15}.Debug|Any CPU.ActiveCfg = Debug|Any CPU
		{6745B84B-FC88-4AFD-9E97-13DB30819A15}.Debug|Any CPU.Build.0 = Debug|Any CPU
		{6745B84B-FC88-4AFD-9E97-13DB30819A15}.Release|Any CPU.ActiveCfg = Release|Any CPU
		{6745B84B-FC88-4AFD-9E97-13DB30819A15}.Release|Any CPU.Build.0 = Release|Any CPU
	EndGlobalSection
	GlobalSection(SolutionProperties) = preSolution
		HideSolutionNode = FALSE
	EndGlobalSection
	GlobalSection(NestedProjects) = preSolution
		{FE553203-33F4-44DF-A591-89929932FBB4} = {443AA806-C776-4C96-8038-CAB558A1DDAB}
		{DF02ED8D-6F8A-45DA-8A45-082F3400CB25} = {443AA806-C776-4C96-8038-CAB558A1DDAB}
		{321E884C-8339-4376-8746-FA8FE3FA4506} = {443AA806-C776-4C96-8038-CAB558A1DDAB}
		{F0012B23-D045-4F21-9FD6-E5017D801A7D} = {443AA806-C776-4C96-8038-CAB558A1DDAB}
		{AFB031C0-A859-4B70-BE6E-1A48D4EF21CE} = {F0012B23-D045-4F21-9FD6-E5017D801A7D}
		{FF443F92-CD72-4A27-A05C-641505E28436} = {7068D03A-F327-49E8-A907-5E370019524F}
		{3CA82BA6-802E-4D01-BEF9-FE96D7BCCC5C} = {FF443F92-CD72-4A27-A05C-641505E28436}
		{397CEB3E-ADD1-49A3-BFFD-EDCBDE3306EC} = {3CA82BA6-802E-4D01-BEF9-FE96D7BCCC5C}
		{D050BF24-87C7-4AAE-A79A-56286F75428E} = {397CEB3E-ADD1-49A3-BFFD-EDCBDE3306EC}
		{AA13AC4C-FA28-49CB-81D3-256CB21E8C31} = {7068D03A-F327-49E8-A907-5E370019524F}
		{B18A5054-2A6E-4693-B622-87114C729345} = {AA13AC4C-FA28-49CB-81D3-256CB21E8C31}
		{EF282E78-C242-4B3A-B29F-00765ACCF756} = {AA13AC4C-FA28-49CB-81D3-256CB21E8C31}
		{3A5172C7-DCEC-4312-BB24-DB81EBEFD8A0} = {AA13AC4C-FA28-49CB-81D3-256CB21E8C31}
		{8D494577-DC7E-4FAA-9856-46D77CBDE766} = {AA13AC4C-FA28-49CB-81D3-256CB21E8C31}
		{3E4E630A-F02E-48D2-B1EF-CD8846A4B19D} = {AA13AC4C-FA28-49CB-81D3-256CB21E8C31}
		{56154714-CBA4-4364-BCBA-71F262BB028C} = {AA13AC4C-FA28-49CB-81D3-256CB21E8C31}
		{BADF3310-A134-464E-B8F3-14C0C556902E} = {AA13AC4C-FA28-49CB-81D3-256CB21E8C31}
		{5678907E-CD59-422B-A312-B57D0715E38D} = {AA13AC4C-FA28-49CB-81D3-256CB21E8C31}
		{7C595CC4-DAAB-477E-AB16-6545496E7E35} = {5678907E-CD59-422B-A312-B57D0715E38D}
		{07C41392-7C51-4626-AB3B-C90E65B1513E} = {7C595CC4-DAAB-477E-AB16-6545496E7E35}
		{3A710CC8-B4D0-4CD6-BE8B-F50187F2D097} = {AA13AC4C-FA28-49CB-81D3-256CB21E8C31}
		{6745B84B-FC88-4AFD-9E97-13DB30819A15} = {AA13AC4C-FA28-49CB-81D3-256CB21E8C31}
	EndGlobalSection
	GlobalSection(ExtensibilityGlobals) = postSolution
		SolutionGuid = {B95B8988-CC19-4058-9981-FBEA9BD63A49}
	EndGlobalSection
EndGlobal
