
Microsoft Visual Studio Solution File, Format Version 12.00
# Visual Studio Version 17
VisualStudioVersion = 17.0.31903.59
MinimumVisualStudioVersion = 10.0.40219.1
Project("{2150E333-8FDC-42A3-9474-1A3956D46DE8}") = "Solution Items", "Solution Items", "{97285279-8D2B-4925-8E17-AB970C381584}"
	ProjectSection(SolutionItems) = preProject
		.editorconfig = .editorconfig
		tests\.editorconfig = tests\.editorconfig
		Directory.Build.props = Directory.Build.props
		src\Directory.Build.props = src\Directory.Build.props
		Directory.Packages.props = Directory.Packages.props
		tests\Directory.Build.props = tests\Directory.Build.props
	EndProjectSection
EndProject
Project("{2150E333-8FDC-42A3-9474-1A3956D46DE8}") = "src", "src", "{443AA806-C776-4C96-8038-CAB558A1DDAB}"
EndProject
Project("{FAE04EC0-301F-11D3-BF4B-00C04F79EFBC}") = "Core", "src\Core\Core.csproj", "{FE553203-33F4-44DF-A591-89929932FBB4}"
EndProject
Project("{FAE04EC0-301F-11D3-BF4B-00C04F79EFBC}") = "Queries", "src\Queries\Queries.csproj", "{3715DAEB-FDF1-463E-A7D5-F2E00D3959C4}"
EndProject
Project("{FAE04EC0-301F-11D3-BF4B-00C04F79EFBC}") = "Abstractions", "src\Abstractions\Abstractions.csproj", "{74C512EF-948F-47AB-B8DB-357BEC0C29E4}"
EndProject
Project("{FAE04EC0-301F-11D3-BF4B-00C04F79EFBC}") = "Implementation", "src\Implementation\Implementation.csproj", "{4D023396-CBE2-406B-B2D4-D3CE2AC202D1}"
EndProject
Project("{2150E333-8FDC-42A3-9474-1A3956D46DE8}") = "tests", "tests", "{BDB0907B-2242-4F58-A817-999886B505FB}"
EndProject
Project("{2150E333-8FDC-42A3-9474-1A3956D46DE8}") = "unit", "unit", "{8B970A8D-E8B4-4B0B-9298-402C467EB800}"
EndProject
Project("{2150E333-8FDC-42A3-9474-1A3956D46DE8}") = "Implementation", "Implementation", "{73EB0997-DD98-4178-BC56-63284D713737}"
EndProject
Project("{FAE04EC0-301F-11D3-BF4B-00C04F79EFBC}") = "GetTypeParameterRepresentationByNameQueryFactory", "tests\unit\Implementation\GetTypeParameterRepresentationByNameQueryFactory\GetTypeParameterRepresentationByNameQueryFactory.csproj", "{C246AAF2-90B8-4903-8AB8-1DCD17179189}"
EndProject
Project("{FAE04EC0-301F-11D3-BF4B-00C04F79EFBC}") = "GetTypeParameterRepresentationByNameQueryHandler", "tests\unit\Implementation\GetTypeParameterRepresentationByNameQueryHandler\GetTypeParameterRepresentationByNameQueryHandler.csproj", "{5D59BC67-7B5C-47DD-8DBC-42FC9AE8561B}"
EndProject
Project("{FAE04EC0-301F-11D3-BF4B-00C04F79EFBC}") = "GetTypeParameterRepresentationByOrdinalAndNameQueryFactory", "tests\unit\Implementation\GetTypeParameterRepresentationByOrdinalAndNameQueryFactory\GetTypeParameterRepresentationByOrdinalAndNameQueryFactory.csproj", "{E6909F56-0944-4C53-A878-9AAADF096D71}"
EndProject
Project("{FAE04EC0-301F-11D3-BF4B-00C04F79EFBC}") = "GetTypeParameterRepresentationByOrdinalAndNameQueryHandler", "tests\unit\Implementation\GetTypeParameterRepresentationByOrdinalAndNameQueryHandler\GetTypeParameterRepresentationByOrdinalAndNameQueryHandler.csproj", "{AD06D610-1F1B-41C5-83AB-87B459E4D5CD}"
EndProject
Project("{FAE04EC0-301F-11D3-BF4B-00C04F79EFBC}") = "GetTypeParameterRepresentationByOrdinalQueryFactory", "tests\unit\Implementation\GetTypeParameterRepresentationByOrdinalQueryFactory\GetTypeParameterRepresentationByOrdinalQueryFactory.csproj", "{F45A97FD-1181-4C2A-965C-F9C3790A7212}"
EndProject
Project("{FAE04EC0-301F-11D3-BF4B-00C04F79EFBC}") = "GetTypeParameterRepresentationByOrdinalQueryHandler", "tests\unit\Implementation\GetTypeParameterRepresentationByOrdinalQueryHandler\GetTypeParameterRepresentationByOrdinalQueryHandler.csproj", "{DB7DE797-55FA-422F-859C-01E9D87C0C44}"
EndProject
Project("{FAE04EC0-301F-11D3-BF4B-00C04F79EFBC}") = "GetTypeParameterRepresentationQueryHandler", "tests\unit\Implementation\GetTypeParameterRepresentationQueryHandler\GetTypeParameterRepresentationQueryHandler.csproj", "{AE83683D-C7BB-413E-B700-EEC68F0E5858}"
EndProject
Project("{FAE04EC0-301F-11D3-BF4B-00C04F79EFBC}") = "TypeParameterRepresentationWithNameFactory", "tests\unit\Implementation\TypeParameterRepresentationWithNameFactory\TypeParameterRepresentationWithNameFactory.csproj", "{0665F5B0-EB19-4C78-A158-EC9A0B742549}"
EndProject
Project("{FAE04EC0-301F-11D3-BF4B-00C04F79EFBC}") = "TypeParameterRepresentationWithOrdinalAndNameFactory", "tests\unit\Implementation\TypeParameterRepresentationWithOrdinalAndNameFactory\TypeParameterRepresentationWithOrdinalAndNameFactory.csproj", "{DA94FB8B-9A33-4252-8296-768F1D69C69B}"
EndProject
Project("{FAE04EC0-301F-11D3-BF4B-00C04F79EFBC}") = "TypeParameterRepresentationWithOrdinalFactory", "tests\unit\Implementation\TypeParameterRepresentationWithOrdinalFactory\TypeParameterRepresentationWithOrdinalFactory.csproj", "{E5C3E136-E7BB-4275-A0DB-6C53251C8E91}"
EndProject
Global
	GlobalSection(SolutionConfigurationPlatforms) = preSolution
		Debug|Any CPU = Debug|Any CPU
		Release|Any CPU = Release|Any CPU
	EndGlobalSection
	GlobalSection(ProjectConfigurationPlatforms) = postSolution
		{FE553203-33F4-44DF-A591-89929932FBB4}.Debug|Any CPU.ActiveCfg = Debug|Any CPU
		{FE553203-33F4-44DF-A591-89929932FBB4}.Debug|Any CPU.Build.0 = Debug|Any CPU
		{FE553203-33F4-44DF-A591-89929932FBB4}.Release|Any CPU.ActiveCfg = Release|Any CPU
		{FE553203-33F4-44DF-A591-89929932FBB4}.Release|Any CPU.Build.0 = Release|Any CPU
		{3715DAEB-FDF1-463E-A7D5-F2E00D3959C4}.Debug|Any CPU.ActiveCfg = Debug|Any CPU
		{3715DAEB-FDF1-463E-A7D5-F2E00D3959C4}.Debug|Any CPU.Build.0 = Debug|Any CPU
		{3715DAEB-FDF1-463E-A7D5-F2E00D3959C4}.Release|Any CPU.ActiveCfg = Release|Any CPU
		{3715DAEB-FDF1-463E-A7D5-F2E00D3959C4}.Release|Any CPU.Build.0 = Release|Any CPU
		{74C512EF-948F-47AB-B8DB-357BEC0C29E4}.Debug|Any CPU.ActiveCfg = Debug|Any CPU
		{74C512EF-948F-47AB-B8DB-357BEC0C29E4}.Debug|Any CPU.Build.0 = Debug|Any CPU
		{74C512EF-948F-47AB-B8DB-357BEC0C29E4}.Release|Any CPU.ActiveCfg = Release|Any CPU
		{74C512EF-948F-47AB-B8DB-357BEC0C29E4}.Release|Any CPU.Build.0 = Release|Any CPU
		{4D023396-CBE2-406B-B2D4-D3CE2AC202D1}.Debug|Any CPU.ActiveCfg = Debug|Any CPU
		{4D023396-CBE2-406B-B2D4-D3CE2AC202D1}.Debug|Any CPU.Build.0 = Debug|Any CPU
		{4D023396-CBE2-406B-B2D4-D3CE2AC202D1}.Release|Any CPU.ActiveCfg = Release|Any CPU
		{4D023396-CBE2-406B-B2D4-D3CE2AC202D1}.Release|Any CPU.Build.0 = Release|Any CPU
		{C246AAF2-90B8-4903-8AB8-1DCD17179189}.Debug|Any CPU.ActiveCfg = Debug|Any CPU
		{C246AAF2-90B8-4903-8AB8-1DCD17179189}.Debug|Any CPU.Build.0 = Debug|Any CPU
		{C246AAF2-90B8-4903-8AB8-1DCD17179189}.Release|Any CPU.ActiveCfg = Release|Any CPU
		{C246AAF2-90B8-4903-8AB8-1DCD17179189}.Release|Any CPU.Build.0 = Release|Any CPU
		{5D59BC67-7B5C-47DD-8DBC-42FC9AE8561B}.Debug|Any CPU.ActiveCfg = Debug|Any CPU
		{5D59BC67-7B5C-47DD-8DBC-42FC9AE8561B}.Debug|Any CPU.Build.0 = Debug|Any CPU
		{5D59BC67-7B5C-47DD-8DBC-42FC9AE8561B}.Release|Any CPU.ActiveCfg = Release|Any CPU
		{5D59BC67-7B5C-47DD-8DBC-42FC9AE8561B}.Release|Any CPU.Build.0 = Release|Any CPU
		{E6909F56-0944-4C53-A878-9AAADF096D71}.Debug|Any CPU.ActiveCfg = Debug|Any CPU
		{E6909F56-0944-4C53-A878-9AAADF096D71}.Debug|Any CPU.Build.0 = Debug|Any CPU
		{E6909F56-0944-4C53-A878-9AAADF096D71}.Release|Any CPU.ActiveCfg = Release|Any CPU
		{E6909F56-0944-4C53-A878-9AAADF096D71}.Release|Any CPU.Build.0 = Release|Any CPU
		{AD06D610-1F1B-41C5-83AB-87B459E4D5CD}.Debug|Any CPU.ActiveCfg = Debug|Any CPU
		{AD06D610-1F1B-41C5-83AB-87B459E4D5CD}.Debug|Any CPU.Build.0 = Debug|Any CPU
		{AD06D610-1F1B-41C5-83AB-87B459E4D5CD}.Release|Any CPU.ActiveCfg = Release|Any CPU
		{AD06D610-1F1B-41C5-83AB-87B459E4D5CD}.Release|Any CPU.Build.0 = Release|Any CPU
		{F45A97FD-1181-4C2A-965C-F9C3790A7212}.Debug|Any CPU.ActiveCfg = Debug|Any CPU
		{F45A97FD-1181-4C2A-965C-F9C3790A7212}.Debug|Any CPU.Build.0 = Debug|Any CPU
		{F45A97FD-1181-4C2A-965C-F9C3790A7212}.Release|Any CPU.ActiveCfg = Release|Any CPU
		{F45A97FD-1181-4C2A-965C-F9C3790A7212}.Release|Any CPU.Build.0 = Release|Any CPU
		{DB7DE797-55FA-422F-859C-01E9D87C0C44}.Debug|Any CPU.ActiveCfg = Debug|Any CPU
		{DB7DE797-55FA-422F-859C-01E9D87C0C44}.Debug|Any CPU.Build.0 = Debug|Any CPU
		{DB7DE797-55FA-422F-859C-01E9D87C0C44}.Release|Any CPU.ActiveCfg = Release|Any CPU
		{DB7DE797-55FA-422F-859C-01E9D87C0C44}.Release|Any CPU.Build.0 = Release|Any CPU
		{AE83683D-C7BB-413E-B700-EEC68F0E5858}.Debug|Any CPU.ActiveCfg = Debug|Any CPU
		{AE83683D-C7BB-413E-B700-EEC68F0E5858}.Debug|Any CPU.Build.0 = Debug|Any CPU
		{AE83683D-C7BB-413E-B700-EEC68F0E5858}.Release|Any CPU.ActiveCfg = Release|Any CPU
		{AE83683D-C7BB-413E-B700-EEC68F0E5858}.Release|Any CPU.Build.0 = Release|Any CPU
		{0665F5B0-EB19-4C78-A158-EC9A0B742549}.Debug|Any CPU.ActiveCfg = Debug|Any CPU
		{0665F5B0-EB19-4C78-A158-EC9A0B742549}.Debug|Any CPU.Build.0 = Debug|Any CPU
		{0665F5B0-EB19-4C78-A158-EC9A0B742549}.Release|Any CPU.ActiveCfg = Release|Any CPU
		{0665F5B0-EB19-4C78-A158-EC9A0B742549}.Release|Any CPU.Build.0 = Release|Any CPU
		{DA94FB8B-9A33-4252-8296-768F1D69C69B}.Debug|Any CPU.ActiveCfg = Debug|Any CPU
		{DA94FB8B-9A33-4252-8296-768F1D69C69B}.Debug|Any CPU.Build.0 = Debug|Any CPU
		{DA94FB8B-9A33-4252-8296-768F1D69C69B}.Release|Any CPU.ActiveCfg = Release|Any CPU
		{DA94FB8B-9A33-4252-8296-768F1D69C69B}.Release|Any CPU.Build.0 = Release|Any CPU
		{E5C3E136-E7BB-4275-A0DB-6C53251C8E91}.Debug|Any CPU.ActiveCfg = Debug|Any CPU
		{E5C3E136-E7BB-4275-A0DB-6C53251C8E91}.Debug|Any CPU.Build.0 = Debug|Any CPU
		{E5C3E136-E7BB-4275-A0DB-6C53251C8E91}.Release|Any CPU.ActiveCfg = Release|Any CPU
		{E5C3E136-E7BB-4275-A0DB-6C53251C8E91}.Release|Any CPU.Build.0 = Release|Any CPU
	EndGlobalSection
	GlobalSection(SolutionProperties) = preSolution
		HideSolutionNode = FALSE
	EndGlobalSection
	GlobalSection(NestedProjects) = preSolution
		{FE553203-33F4-44DF-A591-89929932FBB4} = {443AA806-C776-4C96-8038-CAB558A1DDAB}
		{3715DAEB-FDF1-463E-A7D5-F2E00D3959C4} = {443AA806-C776-4C96-8038-CAB558A1DDAB}
		{74C512EF-948F-47AB-B8DB-357BEC0C29E4} = {443AA806-C776-4C96-8038-CAB558A1DDAB}
		{4D023396-CBE2-406B-B2D4-D3CE2AC202D1} = {443AA806-C776-4C96-8038-CAB558A1DDAB}
		{8B970A8D-E8B4-4B0B-9298-402C467EB800} = {BDB0907B-2242-4F58-A817-999886B505FB}
		{73EB0997-DD98-4178-BC56-63284D713737} = {8B970A8D-E8B4-4B0B-9298-402C467EB800}
		{C246AAF2-90B8-4903-8AB8-1DCD17179189} = {73EB0997-DD98-4178-BC56-63284D713737}
		{5D59BC67-7B5C-47DD-8DBC-42FC9AE8561B} = {73EB0997-DD98-4178-BC56-63284D713737}
		{E6909F56-0944-4C53-A878-9AAADF096D71} = {73EB0997-DD98-4178-BC56-63284D713737}
		{AD06D610-1F1B-41C5-83AB-87B459E4D5CD} = {73EB0997-DD98-4178-BC56-63284D713737}
		{F45A97FD-1181-4C2A-965C-F9C3790A7212} = {73EB0997-DD98-4178-BC56-63284D713737}
		{DB7DE797-55FA-422F-859C-01E9D87C0C44} = {73EB0997-DD98-4178-BC56-63284D713737}
		{AE83683D-C7BB-413E-B700-EEC68F0E5858} = {73EB0997-DD98-4178-BC56-63284D713737}
		{0665F5B0-EB19-4C78-A158-EC9A0B742549} = {73EB0997-DD98-4178-BC56-63284D713737}
		{DA94FB8B-9A33-4252-8296-768F1D69C69B} = {73EB0997-DD98-4178-BC56-63284D713737}
		{E5C3E136-E7BB-4275-A0DB-6C53251C8E91} = {73EB0997-DD98-4178-BC56-63284D713737}
	EndGlobalSection
	GlobalSection(ExtensibilityGlobals) = postSolution
		SolutionGuid = {B95B8988-CC19-4058-9981-FBEA9BD63A49}
	EndGlobalSection
EndGlobal
